// !$*UTF8*$!
{
	archiveVersion = 1;
	classes = {
	};
	objectVersion = 46;
	objects = {

/* Begin PBXBuildFile section */
		943F5C571C0BEC60003AEDA0 /* main.m in Sources */ = {isa = PBXBuildFile; fileRef = 943F5C561C0BEC60003AEDA0 /* main.m */; };
		943F5C5A1C0BEC60003AEDA0 /* AppDelegate.m in Sources */ = {isa = PBXBuildFile; fileRef = 943F5C591C0BEC60003AEDA0 /* AppDelegate.m */; };
		943F5C5D1C0BEC60003AEDA0 /* ViewController.m in Sources */ = {isa = PBXBuildFile; fileRef = 943F5C5C1C0BEC60003AEDA0 /* ViewController.m */; };
		943F5C601C0BEC60003AEDA0 /* Main.storyboard in Resources */ = {isa = PBXBuildFile; fileRef = 943F5C5E1C0BEC60003AEDA0 /* Main.storyboard */; };
		943F5C621C0BEC60003AEDA0 /* Assets.xcassets in Resources */ = {isa = PBXBuildFile; fileRef = 943F5C611C0BEC60003AEDA0 /* Assets.xcassets */; };
		943F5C651C0BEC60003AEDA0 /* LaunchScreen.storyboard in Resources */ = {isa = PBXBuildFile; fileRef = 943F5C631C0BEC60003AEDA0 /* LaunchScreen.storyboard */; };
/* End PBXBuildFile section */

/* Begin PBXFileReference section */
		943F5C521C0BEC60003AEDA0 /* IndicatorImaCell.app */ = {isa = PBXFileReference; explicitFileType = wrapper.application; includeInIndex = 0; path = IndicatorImaCell.app; sourceTree = BUILT_PRODUCTS_DIR; };
		943F5C561C0BEC60003AEDA0 /* main.m */ = {isa = PBXFileReference; lastKnownFileType = sourcecode.c.objc; path = main.m; sourceTree = "<group>"; };
		943F5C581C0BEC60003AEDA0 /* AppDelegate.h */ = {isa = PBXFileReference; lastKnownFileType = sourcecode.c.h; path = AppDelegate.h; sourceTree = "<group>"; };
		943F5C591C0BEC60003AEDA0 /* AppDelegate.m */ = {isa = PBXFileReference; lastKnownFileType = sourcecode.c.objc; path = AppDelegate.m; sourceTree = "<group>"; };
		943F5C5B1C0BEC60003AEDA0 /* ViewController.h */ = {isa = PBXFileReference; lastKnownFileType = sourcecode.c.h; path = ViewController.h; sourceTree = "<group>"; };
		943F5C5C1C0BEC60003AEDA0 /* ViewController.m */ = {isa = PBXFileReference; lastKnownFileType = sourcecode.c.objc; path = ViewController.m; sourceTree = "<group>"; };
		943F5C5F1C0BEC60003AEDA0 /* Base */ = {isa = PBXFileReference; lastKnownFileType = file.storyboard; name = Base; path = Base.lproj/Main.storyboard; sourceTree = "<group>"; };
		943F5C611C0BEC60003AEDA0 /* Assets.xcassets */ = {isa = PBXFileReference; lastKnownFileType = folder.assetcatalog; path = Assets.xcassets; sourceTree = "<group>"; };
		943F5C641C0BEC60003AEDA0 /* Base */ = {isa = PBXFileReference; lastKnownFileType = file.storyboard; name = Base; path = Base.lproj/LaunchScreen.storyboard; sourceTree = "<group>"; };
		943F5C661C0BEC60003AEDA0 /* Info.plist */ = {isa = PBXFileReference; lastKnownFileType = text.plist.xml; path = Info.plist; sourceTree = "<group>"; };
/* End PBXFileReference section */

/* Begin PBXFrameworksBuildPhase section */
		943F5C4F1C0BEC60003AEDA0 /* Frameworks */ = {
			isa = PBXFrameworksBuildPhase;
			buildActionMask = 2147483647;
			files = (
			);
			runOnlyForDeploymentPostprocessing = 0;
		};
/* End PBXFrameworksBuildPhase section */

/* Begin PBXGroup section */
		943F5C491C0BEC60003AEDA0 = {
			isa = PBXGroup;
			children = (
				943F5C541C0BEC60003AEDA0 /* IndicatorImaCell */,
				943F5C531C0BEC60003AEDA0 /* Products */,
			);
			sourceTree = "<group>";
		};
		943F5C531C0BEC60003AEDA0 /* Products */ = {
			isa = PBXGroup;
			children = (
				943F5C521C0BEC60003AEDA0 /* IndicatorImaCell.app */,
			);
			name = Products;
			sourceTree = "<group>";
		};
		943F5C541C0BEC60003AEDA0 /* IndicatorImaCell */ = {
			isa = PBXGroup;
			children = (
				943F5C581C0BEC60003AEDA0 /* AppDelegate.h */,
				943F5C591C0BEC60003AEDA0 /* AppDelegate.m */,
				943F5C5B1C0BEC60003AEDA0 /* ViewController.h */,
				943F5C5C1C0BEC60003AEDA0 /* ViewController.m */,
				943F5C5E1C0BEC60003AEDA0 /* Main.storyboard */,
				943F5C611C0BEC60003AEDA0 /* Assets.xcassets */,
				943F5C631C0BEC60003AEDA0 /* LaunchScreen.storyboard */,
				943F5C661C0BEC60003AEDA0 /* Info.plist */,
				943F5C551C0BEC60003AEDA0 /* Supporting Files */,
			);
			path = IndicatorImaCell;
			sourceTree = "<group>";
		};
		943F5C551C0BEC60003AEDA0 /* Supporting Files */ = {
			isa = PBXGroup;
			children = (
				943F5C561C0BEC60003AEDA0 /* main.m */,
			);
			name = "Supporting Files";
			sourceTree = "<group>";
		};
/* End PBXGroup section */

/* Begin PBXNativeTarget section */
		943F5C511C0BEC60003AEDA0 /* IndicatorImaCell */ = {
			isa = PBXNativeTarget;
			buildConfigurationList = 943F5C691C0BEC60003AEDA0 /* Build configuration list for PBXNativeTarget "IndicatorImaCell" */;
			buildPhases = (
				943F5C4E1C0BEC60003AEDA0 /* Sources */,
				943F5C4F1C0BEC60003AEDA0 /* Frameworks */,
				943F5C501C0BEC60003AEDA0 /* Resources */,
			);
			buildRules = (
			);
			dependencies = (
			);
			name = IndicatorImaCell;
			productName = IndicatorImaCell;
			productReference = 943F5C521C0BEC60003AEDA0 /* IndicatorImaCell.app */;
			productType = "com.apple.product-type.application";
		};
/* End PBXNativeTarget section */

/* Begin PBXProject section */
		943F5C4A1C0BEC60003AEDA0 /* Project object */ = {
			isa = PBXProject;
			attributes = {
				LastUpgradeCheck = 0710;
				ORGANIZATIONNAME = langyue;
				TargetAttributes = {
					943F5C511C0BEC60003AEDA0 = {
						CreatedOnToolsVersion = 7.1;
					};
				};
			};
			buildConfigurationList = 943F5C4D1C0BEC60003AEDA0 /* Build configuration list for PBXProject "IndicatorImaCell" */;
			compatibilityVersion = "Xcode 3.2";
			developmentRegion = English;
			hasScannedForEncodings = 0;
			knownRegions = (
				en,
				Base,
			);
			mainGroup = 943F5C491C0BEC60003AEDA0;
			productRefGroup = 943F5C531C0BEC60003AEDA0 /* Products */;
			projectDirPath = "";
			projectRoot = "";
			targets = (
				943F5C511C0BEC60003AEDA0 /* IndicatorImaCell */,
			);
		};
/* End PBXProject section */

/* Begin PBXResourcesBuildPhase section */
		943F5C501C0BEC60003AEDA0 /* Resources */ = {
			isa = PBXResourcesBuildPhase;
			buildActionMask = 2147483647;
			files = (
				943F5C651C0BEC60003AEDA0 /* LaunchScreen.storyboard in Resources */,
				943F5C621C0BEC60003AEDA0 /* Assets.xcassets in Resources */,
				943F5C601C0BEC60003AEDA0 /* Main.storyboard in Resources */,
			);
			runOnlyForDeploymentPostprocessing = 0;
		};
/* End PBXResourcesBuildPhase section */

/* Begin PBXSourcesBuildPhase section */
		943F5C4E1C0BEC60003AEDA0 /* Sources */ = {
			isa = PBXSourcesBuildPhase;
			buildActionMask = 2147483647;
			files = (
				943F5C5D1C0BEC60003AEDA0 /* ViewController.m in Sources */,
				943F5C5A1C0BEC60003AEDA0 /* AppDelegate.m in Sources */,
				943F5C571C0BEC60003AEDA0 /* main.m in Sources */,
			);
			runOnlyForDeploymentPostprocessing = 0;
		};
/* End PBXSourcesBuildPhase section */

/* Begin PBXVariantGroup section */
		943F5C5E1C0BEC60003AEDA0 /* Main.storyboard */ = {
			isa = PBXVariantGroup;
			children = (
				943F5C5F1C0BEC60003AEDA0 /* Base */,
			);
			name = Main.storyboard;
			sourceTree = "<group>";
		};
		943F5C631C0BEC60003AEDA0 /* LaunchScreen.storyboard */ = {
			isa = PBXVariantGroup;
			children = (
				943F5C641C0BEC60003AEDA0 /* Base */,
			);
			name = LaunchScreen.storyboard;
			sourceTree = "<group>";
		};
/* End PBXVariantGroup section */

/* Begin XCBuildConfiguration section */
		943F5C671C0BEC60003AEDA0 /* Debug */ = {
			isa = XCBuildConfiguration;
			buildSettings = {
				ALWAYS_SEARCH_USER_PATHS = NO;
				CLANG_CXX_LANGUAGE_STANDARD = "gnu++0x";
				CLANG_CXX_LIBRARY = "libc++";
				CLANG_ENABLE_MODULES = YES;
				CLANG_ENABLE_OBJC_ARC = YES;
				CLANG_WARN_BOOL_CONVERSION = YES;
				CLANG_WARN_CONSTANT_CONVERSION = YES;
				CLANG_WARN_DIRECT_OBJC_ISA_USAGE = YES_ERROR;
				CLANG_WARN_EMPTY_BODY = YES;
				CLANG_WARN_ENUM_CONVERSION = YES;
				CLANG_WARN_INT_CONVERSION = YES;
				CLANG_WARN_OBJC_ROOT_CLASS = YES_ERROR;
				CLANG_WARN_UNREACHABLE_CODE = YES;
				CLANG_WARN__DUPLICATE_METHOD_MATCH = YES;
				"CODE_SIGN_IDENTITY[sdk=iphoneos*]" = "iPhone Developer";
				COPY_PHASE_STRIP = NO;
				DEBUG_INFORMATION_FORMAT = dwarf;
				ENABLE_STRICT_OBJC_MSGSEND = YES;
				ENABLE_TESTABILITY = YES;
				GCC_C_LANGUAGE_STANDARD = gnu99;
				GCC_DYNAMIC_NO_PIC = NO;
				GCC_NO_COMMON_BLOCKS = YES;
				GCC_OPTIMIZATION_LEVEL = 0;
				GCC_PREPROCESSOR_DEFINITIONS = (
					"DEBUG=1",
					"$(inherited)",
				);
				GCC_WARN_64_TO_32_BIT_CONVERSION = YES;
				GCC_WARN_ABOUT_RETURN_TYPE = YES_ERROR;
				GCC_WARN_UNDECLARED_SELECTOR = YES;
				GCC_WARN_UNINITIALIZED_AUTOS = YES_AGGRESSIVE;
				GCC_WARN_UNUSED_FUNCTION = YES;
				GCC_WARN_UNUSED_VARIABLE = YES;
				IPHONEOS_DEPLOYMENT_TARGET = 9.1;
				MTL_ENABLE_DEBUG_INFO = YES;
				ONLY_ACTIVE_ARCH = YES;
				SDKROOT = iphoneos;
				TARGETED_DEVICE_FAMILY = "1,2";
			};
			name = Debug;
		};
		943F5C681C0BEC60003AEDA0 /* Release */ = {
			isa = XCBuildConfiguration;
			buildSettings = {
				ALWAYS_SEARCH_USER_PATHS = NO;
				CLANG_CXX_LANGUAGE_STANDARD = "gnu++0x";
				CLANG_CXX_LIBRARY = "libc++";
				CLANG_ENABLE_MODULES = YES;
				CLANG_ENABLE_OBJC_ARC = YES;
				CLANG_WARN_BOOL_CONVERSION = YES;
				CLANG_WARN_CONSTANT_CONVERSION = YES;
				CLANG_WARN_DIRECT_OBJC_ISA_USAGE = YES_ERROR;
				CLANG_WARN_EMPTY_BODY = YES;
				CLANG_WARN_ENUM_CONVERSION = YES;
				CLANG_WARN_INT_CONVERSION = YES;
				CLANG_WARN_OBJC_ROOT_CLASS = YES_ERROR;
				CLANG_WARN_UNREACHABLE_CODE = YES;
				CLANG_WARN__DUPLICATE_METHOD_MATCH = YES;
				"CODE_SIGN_IDENTITY[sdk=iphoneos*]" = "iPhone Developer";
				COPY_PHASE_STRIP = NO;
				DEBUG_INFORMATION_FORMAT = "dwarf-with-dsym";
				ENABLE_NS_ASSERTIONS = NO;
				ENABLE_STRICT_OBJC_MSGSEND = YES;
				GCC_C_LANGUAGE_STANDARD = gnu99;
				GCC_NO_COMMON_BLOCKS = YES;
				GCC_WARN_64_TO_32_BIT_CONVERSION = YES;
				GCC_WARN_ABOUT_RETURN_TYPE = YES_ERROR;
				GCC_WARN_UNDECLARED_SELECTOR = YES;
				GCC_WARN_UNINITIALIZED_AUTOS = YES_AGGRESSIVE;
				GCC_WARN_UNUSED_FUNCTION = YES;
				GCC_WARN_UNUSED_VARIABLE = YES;
				IPHONEOS_DEPLOYMENT_TARGET = 9.1;
				MTL_ENABLE_DEBUG_INFO = NO;
				SDKROOT = iphoneos;
				TARGETED_DEVICE_FAMILY = "1,2";
				VALIDATE_PRODUCT = YES;
			};
			name = Release;
		};
		943F5C6A1C0BEC60003AEDA0 /* Debug */ = {
			isa = XCBuildConfiguration;
			buildSettings = {
				ASSETCATALOG_COMPILER_APPICON_NAME = AppIcon;
				INFOPLIST_FILE = IndicatorImaCell/Info.plist;
				LD_RUNPATH_SEARCH_PATHS = "$(inherited) @executable_path/Frameworks";
				PRODUCT_BUNDLE_IDENTIFIER = "LangYue-China.IndicatorImaCell";
				PRODUCT_NAME = "$(TARGET_NAME)";
			};
			name = Debug;
		};
		943F5C6B1C0BEC60003AEDA0 /* Release */ = {
			isa = XCBuildConfiguration;
			buildSettings = {
				ASSETCATALOG_COMPILER_APPICON_NAME = AppIcon;
				INFOPLIST_FILE = IndicatorImaCell/Info.plist;
				LD_RUNPATH_SEARCH_PATHS = "$(inherited) @executable_path/Frameworks";
				PRODUCT_BUNDLE_IDENTIFIER = "LangYue-China.IndicatorImaCell";
				PRODUCT_NAME = "$(TARGET_NAME)";
			};
			name = Release;
		};
/* End XCBuildConfiguration section */

/* Begin XCConfigurationList section */
		943F5C4D1C0BEC60003AEDA0 /* Build configuration list for PBXProject "IndicatorImaCell" */ = {
			isa = XCConfigurationList;
			buildConfigurations = (
				943F5C671C0BEC60003AEDA0 /* Debug */,
				943F5C681C0BEC60003AEDA0 /* Release */,
			);
			defaultConfigurationIsVisible = 0;
			defaultConfigurationName = Release;
		};
		943F5C691C0BEC60003AEDA0 /* Build configuration list for PBXNativeTarget "IndicatorImaCell" */ = {
			isa = XCConfigurationList;
			buildConfigurations = (
				943F5C6A1C0BEC60003AEDA0 /* Debug */,
				943F5C6B1C0BEC60003AEDA0 /* Release */,
			);
			defaultConfigurationIsVisible = 0;
		};
/* End XCConfigurationList section */
	};
	rootObject = 943F5C4A1C0BEC60003AEDA0 /* Project object */;
}
